
Microsoft Visual Studio Solution File, Format Version 12.00
# Visual Studio Version 17
VisualStudioVersion = 17.0.31903.59
MinimumVisualStudioVersion = 10.0.40219.1
Project("{2150E333-8FDC-42A3-9474-1A3956D46DE8}") = "src", "src", "{827E0CD3-B72D-47B6-A68D-7590B98EB39B}"
EndProject
Project("{FAE04EC0-301F-11D3-BF4B-00C04F79EFBC}") = "Ace.Core", "src\Ace.Core\Ace.Core.csproj", "{CBFBB0A3-A088-4BFE-9A4B-08593419B5C9}"
EndProject
Project("{FAE04EC0-301F-11D3-BF4B-00C04F79EFBC}") = "Ace.Mcp.Server", "src\Ace.Mcp.Server\Ace.Mcp.Server.csproj", "{04528283-3DF7-4A22-ADCA-8DE51E7846FA}"
EndProject
Project("{FAE04EC0-301F-11D3-BF4B-00C04F79EFBC}") = "Ace.Cli", "src\Ace.Cli\Ace.Cli.csproj", "{C52034B8-24E4-4199-9DDC-F20BD910490E}"
EndProject
Project("{2150E333-8FDC-42A3-9474-1A3956D46DE8}") = "tests", "tests", "{0AB3BF05-4346-4AA6-1389-037BE0695223}"
EndProject
Project("{FAE04EC0-301F-11D3-BF4B-00C04F79EFBC}") = "Ace.Core.Tests", "tests\Ace.Core.Tests\Ace.Core.Tests.csproj", "{8D5E8820-F54D-4D43-BE3B-AF9481EB7D8D}"
EndProject
Project("{FAE04EC0-301F-11D3-BF4B-00C04F79EFBC}") = "Ace.Mcp.Integration.Tests", "tests\Ace.Mcp.Integration.Tests\Ace.Mcp.Integration.Tests.csproj", "{B922A2E8-4C51-4428-8495-95C43FB42BBF}"
EndProject
Global
	GlobalSection(SolutionConfigurationPlatforms) = preSolution
		Debug|Any CPU = Debug|Any CPU
		Debug|x64 = Debug|x64
		Debug|x86 = Debug|x86
		Release|Any CPU = Release|Any CPU
		Release|x64 = Release|x64
		Release|x86 = Release|x86
	EndGlobalSection
	GlobalSection(ProjectConfigurationPlatforms) = postSolution
		{CBFBB0A3-A088-4BFE-9A4B-08593419B5C9}.Debug|Any CPU.ActiveCfg = Debug|Any CPU
		{CBFBB0A3-A088-4BFE-9A4B-08593419B5C9}.Debug|Any CPU.Build.0 = Debug|Any CPU
		{CBFBB0A3-A088-4BFE-9A4B-08593419B5C9}.Debug|x64.ActiveCfg = Debug|Any CPU
		{CBFBB0A3-A088-4BFE-9A4B-08593419B5C9}.Debug|x64.Build.0 = Debug|Any CPU
		{CBFBB0A3-A088-4BFE-9A4B-08593419B5C9}.Debug|x86.ActiveCfg = Debug|Any CPU
		{CBFBB0A3-A088-4BFE-9A4B-08593419B5C9}.Debug|x86.Build.0 = Debug|Any CPU
		{CBFBB0A3-A088-4BFE-9A4B-08593419B5C9}.Release|Any CPU.ActiveCfg = Release|Any CPU
		{CBFBB0A3-A088-4BFE-9A4B-08593419B5C9}.Release|Any CPU.Build.0 = Release|Any CPU
		{CBFBB0A3-A088-4BFE-9A4B-08593419B5C9}.Release|x64.ActiveCfg = Release|Any CPU
		{CBFBB0A3-A088-4BFE-9A4B-08593419B5C9}.Release|x64.Build.0 = Release|Any CPU
		{CBFBB0A3-A088-4BFE-9A4B-08593419B5C9}.Release|x86.ActiveCfg = Release|Any CPU
		{CBFBB0A3-A088-4BFE-9A4B-08593419B5C9}.Release|x86.Build.0 = Release|Any CPU
		{04528283-3DF7-4A22-ADCA-8DE51E7846FA}.Debug|Any CPU.ActiveCfg = Debug|Any CPU
		{04528283-3DF7-4A22-ADCA-8DE51E7846FA}.Debug|Any CPU.Build.0 = Debug|Any CPU
		{04528283-3DF7-4A22-ADCA-8DE51E7846FA}.Debug|x64.ActiveCfg = Debug|Any CPU
		{04528283-3DF7-4A22-ADCA-8DE51E7846FA}.Debug|x64.Build.0 = Debug|Any CPU
		{04528283-3DF7-4A22-ADCA-8DE51E7846FA}.Debug|x86.ActiveCfg = Debug|Any CPU
		{04528283-3DF7-4A22-ADCA-8DE51E7846FA}.Debug|x86.Build.0 = Debug|Any CPU
		{04528283-3DF7-4A22-ADCA-8DE51E7846FA}.Release|Any CPU.ActiveCfg = Release|Any CPU
		{04528283-3DF7-4A22-ADCA-8DE51E7846FA}.Release|Any CPU.Build.0 = Release|Any CPU
		{04528283-3DF7-4A22-ADCA-8DE51E7846FA}.Release|x64.ActiveCfg = Release|Any CPU
		{04528283-3DF7-4A22-ADCA-8DE51E7846FA}.Release|x64.Build.0 = Release|Any CPU
		{04528283-3DF7-4A22-ADCA-8DE51E7846FA}.Release|x86.ActiveCfg = Release|Any CPU
		{04528283-3DF7-4A22-ADCA-8DE51E7846FA}.Release|x86.Build.0 = Release|Any CPU
		{C52034B8-24E4-4199-9DDC-F20BD910490E}.Debug|Any CPU.ActiveCfg = Debug|Any CPU
		{C52034B8-24E4-4199-9DDC-F20BD910490E}.Debug|Any CPU.Build.0 = Debug|Any CPU
		{C52034B8-24E4-4199-9DDC-F20BD910490E}.Debug|x64.ActiveCfg = Debug|Any CPU
		{C52034B8-24E4-4199-9DDC-F20BD910490E}.Debug|x64.Build.0 = Debug|Any CPU
		{C52034B8-24E4-4199-9DDC-F20BD910490E}.Debug|x86.ActiveCfg = Debug|Any CPU
		{C52034B8-24E4-4199-9DDC-F20BD910490E}.Debug|x86.Build.0 = Debug|Any CPU
		{C52034B8-24E4-4199-9DDC-F20BD910490E}.Release|Any CPU.ActiveCfg = Release|Any CPU
		{C52034B8-24E4-4199-9DDC-F20BD910490E}.Release|Any CPU.Build.0 = Release|Any CPU
		{C52034B8-24E4-4199-9DDC-F20BD910490E}.Release|x64.ActiveCfg = Release|Any CPU
		{C52034B8-24E4-4199-9DDC-F20BD910490E}.Release|x64.Build.0 = Release|Any CPU
		{C52034B8-24E4-4199-9DDC-F20BD910490E}.Release|x86.ActiveCfg = Release|Any CPU
		{C52034B8-24E4-4199-9DDC-F20BD910490E}.Release|x86.Build.0 = Release|Any CPU
		{8D5E8820-F54D-4D43-BE3B-AF9481EB7D8D}.Debug|Any CPU.ActiveCfg = Debug|Any CPU
		{8D5E8820-F54D-4D43-BE3B-AF9481EB7D8D}.Debug|Any CPU.Build.0 = Debug|Any CPU
		{8D5E8820-F54D-4D43-BE3B-AF9481EB7D8D}.Debug|x64.ActiveCfg = Debug|Any CPU
		{8D5E8820-F54D-4D43-BE3B-AF9481EB7D8D}.Debug|x64.Build.0 = Debug|Any CPU
		{8D5E8820-F54D-4D43-BE3B-AF9481EB7D8D}.Debug|x86.ActiveCfg = Debug|Any CPU
		{8D5E8820-F54D-4D43-BE3B-AF9481EB7D8D}.Debug|x86.Build.0 = Debug|Any CPU
		{8D5E8820-F54D-4D43-BE3B-AF9481EB7D8D}.Release|Any CPU.ActiveCfg = Release|Any CPU
		{8D5E8820-F54D-4D43-BE3B-AF9481EB7D8D}.Release|Any CPU.Build.0 = Release|Any CPU
		{8D5E8820-F54D-4D43-BE3B-AF9481EB7D8D}.Release|x64.ActiveCfg = Release|Any CPU
		{8D5E8820-F54D-4D43-BE3B-AF9481EB7D8D}.Release|x64.Build.0 = Release|Any CPU
		{8D5E8820-F54D-4D43-BE3B-AF9481EB7D8D}.Release|x86.ActiveCfg = Release|Any CPU
		{8D5E8820-F54D-4D43-BE3B-AF9481EB7D8D}.Release|x86.Build.0 = Release|Any CPU
		{B922A2E8-4C51-4428-8495-95C43FB42BBF}.Debug|Any CPU.ActiveCfg = Debug|Any CPU
		{B922A2E8-4C51-4428-8495-95C43FB42BBF}.Debug|Any CPU.Build.0 = Debug|Any CPU
		{B922A2E8-4C51-4428-8495-95C43FB42BBF}.Debug|x64.ActiveCfg = Debug|Any CPU
		{B922A2E8-4C51-4428-8495-95C43FB42BBF}.Debug|x64.Build.0 = Debug|Any CPU
		{B922A2E8-4C51-4428-8495-95C43FB42BBF}.Debug|x86.ActiveCfg = Debug|Any CPU
		{B922A2E8-4C51-4428-8495-95C43FB42BBF}.Debug|x86.Build.0 = Debug|Any CPU
		{B922A2E8-4C51-4428-8495-95C43FB42BBF}.Release|Any CPU.ActiveCfg = Release|Any CPU
		{B922A2E8-4C51-4428-8495-95C43FB42BBF}.Release|Any CPU.Build.0 = Release|Any CPU
		{B922A2E8-4C51-4428-8495-95C43FB42BBF}.Release|x64.ActiveCfg = Release|Any CPU
		{B922A2E8-4C51-4428-8495-95C43FB42BBF}.Release|x64.Build.0 = Release|Any CPU
		{B922A2E8-4C51-4428-8495-95C43FB42BBF}.Release|x86.ActiveCfg = Release|Any CPU
		{B922A2E8-4C51-4428-8495-95C43FB42BBF}.Release|x86.Build.0 = Release|Any CPU
	EndGlobalSection
	GlobalSection(SolutionProperties) = preSolution
		HideSolutionNode = FALSE
	EndGlobalSection
	GlobalSection(NestedProjects) = preSolution
		{CBFBB0A3-A088-4BFE-9A4B-08593419B5C9} = {827E0CD3-B72D-47B6-A68D-7590B98EB39B}
		{04528283-3DF7-4A22-ADCA-8DE51E7846FA} = {827E0CD3-B72D-47B6-A68D-7590B98EB39B}
		{C52034B8-24E4-4199-9DDC-F20BD910490E} = {827E0CD3-B72D-47B6-A68D-7590B98EB39B}
		{8D5E8820-F54D-4D43-BE3B-AF9481EB7D8D} = {0AB3BF05-4346-4AA6-1389-037BE0695223}
		{B922A2E8-4C51-4428-8495-95C43FB42BBF} = {0AB3BF05-4346-4AA6-1389-037BE0695223}
	EndGlobalSection
EndGlobal
